
Microsoft Visual Studio Solution File, Format Version 12.00
# Visual Studio 15
VisualStudioVersion = 15.0.28010.2026
MinimumVisualStudioVersion = 10.0.40219.1
Project("{FAE04EC0-301F-11D3-BF4B-00C04F79EFBC}") = "CharacterCreator.Winforms", "CharacterCreator.Winforms\CharacterCreator.Winforms.csproj", "{2D28E06E-BF48-4ED3-9F90-070CBF0A5E64}"
EndProject
Project("{FAE04EC0-301F-11D3-BF4B-00C04F79EFBC}") = "CharacterCreator", "CharacterCreator\CharacterCreator.csproj", "{44770785-E547-4C22-95DD-4F5AA5E0DD5D}"
EndProject
Global
	GlobalSection(SolutionConfigurationPlatforms) = preSolution
		Debug|Any CPU = Debug|Any CPU
		Release|Any CPU = Release|Any CPU
	EndGlobalSection
	GlobalSection(ProjectConfigurationPlatforms) = postSolution
		{2D28E06E-BF48-4ED3-9F90-070CBF0A5E64}.Debug|Any CPU.ActiveCfg = Debug|Any CPU
		{2D28E06E-BF48-4ED3-9F90-070CBF0A5E64}.Debug|Any CPU.Build.0 = Debug|Any CPU
		{2D28E06E-BF48-4ED3-9F90-070CBF0A5E64}.Release|Any CPU.ActiveCfg = Release|Any CPU
		{2D28E06E-BF48-4ED3-9F90-070CBF0A5E64}.Release|Any CPU.Build.0 = Release|Any CPU
		{44770785-E547-4C22-95DD-4F5AA5E0DD5D}.Debug|Any CPU.ActiveCfg = Debug|Any CPU
		{44770785-E547-4C22-95DD-4F5AA5E0DD5D}.Debug|Any CPU.Build.0 = Debug|Any CPU
		{44770785-E547-4C22-95DD-4F5AA5E0DD5D}.Release|Any CPU.ActiveCfg = Release|Any CPU
		{44770785-E547-4C22-95DD-4F5AA5E0DD5D}.Release|Any CPU.Build.0 = Release|Any CPU
	EndGlobalSection
	GlobalSection(SolutionProperties) = preSolution
		HideSolutionNode = FALSE
	EndGlobalSection
	GlobalSection(ExtensibilityGlobals) = postSolution
		SolutionGuid = {FA0A7AB7-8023-487A-83C2-18D18A9B6F38}
	EndGlobalSection
EndGlobal
