
Microsoft Visual Studio Solution File, Format Version 12.00
# Visual Studio 15
VisualStudioVersion = 15.0.27130.2036
MinimumVisualStudioVersion = 10.0.40219.1
Project("{FAE04EC0-301F-11D3-BF4B-00C04F79EFBC}") = "Itse1430.MovieLib.UI", "Itse1430.MovieLib.Ui\Itse1430.MovieLib.UI.csproj", "{2E7000AC-160B-47C5-99BC-E815AB095F18}"
EndProject
Project("{FAE04EC0-301F-11D3-BF4B-00C04F79EFBC}") = "Itse1430.MovieLib", "Itse1430.MovieLib\Itse1430.MovieLib.csproj", "{F0CE3C64-5D11-430F-9785-41E8B58930C4}"
EndProject
Project("{FAE04EC0-301F-11D3-BF4B-00C04F79EFBC}") = "Itse1430.MovieLib.Memory", "Itse1430.MovieLib.Memory\Itse1430.MovieLib.Memory.csproj", "{34370811-62E9-4892-9783-3CCA3437C40F}"
EndProject
Project("{FAE04EC0-301F-11D3-BF4B-00C04F79EFBC}") = "PlayWithLinq", "ConsoleApp1\PlayWithLinq.csproj", "{5D9C5028-F8A0-44EE-BC91-CD02BD4E4421}"
EndProject
Project("{00D1A9C2-B5F0-4AF3-8072-F6C62B433612}") = "MovieDatabase", "MovieDatabase\MovieDatabase.sqlproj", "{D336CD26-C9B8-4B7F-83E7-2F951DF1FABC}"
EndProject
Project("{FAE04EC0-301F-11D3-BF4B-00C04F79EFBC}") = "Itse1430.MovieLib.Sql", "Itse1430.MovieLib.Sql\Itse1430.MovieLib.Sql.csproj", "{3560F1D5-B2CA-4304-BF84-69DC3FF4D2C0}"
EndProject
Project("{FAE04EC0-301F-11D3-BF4B-00C04F79EFBC}") = "PlayWithReflection", "PlayWithReflection\PlayWithReflection.csproj", "{B462745D-2EE6-42A1-AB17-EC51AA872BA4}"
EndProject
Global
	GlobalSection(SolutionConfigurationPlatforms) = preSolution
		Debug|Any CPU = Debug|Any CPU
		Release|Any CPU = Release|Any CPU
	EndGlobalSection
	GlobalSection(ProjectConfigurationPlatforms) = postSolution
		{2E7000AC-160B-47C5-99BC-E815AB095F18}.Debug|Any CPU.ActiveCfg = Debug|Any CPU
		{2E7000AC-160B-47C5-99BC-E815AB095F18}.Debug|Any CPU.Build.0 = Debug|Any CPU
		{2E7000AC-160B-47C5-99BC-E815AB095F18}.Release|Any CPU.ActiveCfg = Release|Any CPU
		{2E7000AC-160B-47C5-99BC-E815AB095F18}.Release|Any CPU.Build.0 = Release|Any CPU
		{F0CE3C64-5D11-430F-9785-41E8B58930C4}.Debug|Any CPU.ActiveCfg = Debug|Any CPU
		{F0CE3C64-5D11-430F-9785-41E8B58930C4}.Debug|Any CPU.Build.0 = Debug|Any CPU
		{F0CE3C64-5D11-430F-9785-41E8B58930C4}.Release|Any CPU.ActiveCfg = Release|Any CPU
		{F0CE3C64-5D11-430F-9785-41E8B58930C4}.Release|Any CPU.Build.0 = Release|Any CPU
		{34370811-62E9-4892-9783-3CCA3437C40F}.Debug|Any CPU.ActiveCfg = Debug|Any CPU
		{34370811-62E9-4892-9783-3CCA3437C40F}.Debug|Any CPU.Build.0 = Debug|Any CPU
		{34370811-62E9-4892-9783-3CCA3437C40F}.Release|Any CPU.ActiveCfg = Release|Any CPU
		{34370811-62E9-4892-9783-3CCA3437C40F}.Release|Any CPU.Build.0 = Release|Any CPU
		{5D9C5028-F8A0-44EE-BC91-CD02BD4E4421}.Debug|Any CPU.ActiveCfg = Debug|Any CPU
		{5D9C5028-F8A0-44EE-BC91-CD02BD4E4421}.Debug|Any CPU.Build.0 = Debug|Any CPU
		{5D9C5028-F8A0-44EE-BC91-CD02BD4E4421}.Release|Any CPU.ActiveCfg = Release|Any CPU
		{5D9C5028-F8A0-44EE-BC91-CD02BD4E4421}.Release|Any CPU.Build.0 = Release|Any CPU
		{D336CD26-C9B8-4B7F-83E7-2F951DF1FABC}.Debug|Any CPU.ActiveCfg = Debug|Any CPU
		{D336CD26-C9B8-4B7F-83E7-2F951DF1FABC}.Debug|Any CPU.Build.0 = Debug|Any CPU
		{D336CD26-C9B8-4B7F-83E7-2F951DF1FABC}.Debug|Any CPU.Deploy.0 = Debug|Any CPU
		{D336CD26-C9B8-4B7F-83E7-2F951DF1FABC}.Release|Any CPU.ActiveCfg = Release|Any CPU
		{D336CD26-C9B8-4B7F-83E7-2F951DF1FABC}.Release|Any CPU.Build.0 = Release|Any CPU
		{D336CD26-C9B8-4B7F-83E7-2F951DF1FABC}.Release|Any CPU.Deploy.0 = Release|Any CPU
		{3560F1D5-B2CA-4304-BF84-69DC3FF4D2C0}.Debug|Any CPU.ActiveCfg = Debug|Any CPU
		{3560F1D5-B2CA-4304-BF84-69DC3FF4D2C0}.Debug|Any CPU.Build.0 = Debug|Any CPU
		{3560F1D5-B2CA-4304-BF84-69DC3FF4D2C0}.Release|Any CPU.ActiveCfg = Release|Any CPU
		{3560F1D5-B2CA-4304-BF84-69DC3FF4D2C0}.Release|Any CPU.Build.0 = Release|Any CPU
		{B462745D-2EE6-42A1-AB17-EC51AA872BA4}.Debug|Any CPU.ActiveCfg = Debug|Any CPU
		{B462745D-2EE6-42A1-AB17-EC51AA872BA4}.Debug|Any CPU.Build.0 = Debug|Any CPU
		{B462745D-2EE6-42A1-AB17-EC51AA872BA4}.Release|Any CPU.ActiveCfg = Release|Any CPU
		{B462745D-2EE6-42A1-AB17-EC51AA872BA4}.Release|Any CPU.Build.0 = Release|Any CPU
	EndGlobalSection
	GlobalSection(SolutionProperties) = preSolution
		HideSolutionNode = FALSE
	EndGlobalSection
	GlobalSection(ExtensibilityGlobals) = postSolution
		SolutionGuid = {637E6AFC-6451-4800-BABC-8D3330BDE20C}
	EndGlobalSection
EndGlobal
